NeoBundleLock CamelCaseMotion 3ae9bf93cce28ddc1f2776999ad516e153769ea4
NeoBundleLock DoxygenToolkit.vim 6e16ae9be44d68eb308996e69573adb0dc87be2a
NeoBundleLock NrrwRgn 4b3c6cd3a45e0de584893113b732baf85c4d2c03
NeoBundleLock SingleCompile 8224fc3b63a592c67c77ae10aa350957dd2a1aaa
NeoBundleLock SudoEdit.vim 5b823d42628a1274f6644680efe05431f99b194d
NeoBundleLock VimOrganizer cab0baf635eb9470e62d57d42f2d470180b06c8d
NeoBundleLock VisIncr 13e8538cf332fd131ebb60422b4a01d69078794b
NeoBundleLock YouCompleteMe 4168a829accbe895ebc82b54de6f929afe4ac9a5
NeoBundleLock calendar-vim 32c474d402a64aab9734a645c48a60fd04c91192
NeoBundleLock delimitMate 8bc47fd1c40cdad9ea1f36c0cf13592c70ea65e9
NeoBundleLock detectindent 59ac6a32b87c63eef4ff658f6d14b43a3bee9ff3
NeoBundleLock fcitx-vim-osx 3593614364dd7961e1e9cecff301903cf84da00e
NeoBundleLock gitv e10a8963e0ff1387e7e764f799a5bba693a739b3
NeoBundleLock golden-ratio 1862c76ec2279ba8d5de4bf016b70067668b3be3
NeoBundleLock goyo.vim 630f5d80861beb36ae2dfa0c587ec6b51982cff5
NeoBundleLock gruvbox c97c520db1285d074cbdfb80aadc6753d3c1d4d7
NeoBundleLock hardmode 110513dc9eb3ab5408d242a4b4b7674eadc90828
NeoBundleLock investigate.vim 326edb7d00e05d51d3773bc724cd2a69c5e4fa71
NeoBundleLock jeffy-plugins 69c83d585160dfd2f681a7a38ff5364ea454b491
NeoBundleLock limelight.vim 153e3f7b78484eb4f5d69833ebf628f44b94996d
NeoBundleLock my-vim-snippets e8d25ce23b88dc3b9e35a2119544ee2ee8d9d13e
NeoBundleLock neobundle.vim 0541b3becbb796a3a4c58c91620cde664527179b
NeoBundleLock nerdcommenter 1f4bfd59920c101a30a74a07b824608a6e65f3fe
NeoBundleLock nerdtree 4ebbb533c3faf2c480211db2b547972bb3b60f2b
NeoBundleLock quick-scope d5882cb0e8e01494b7c2d2058cf5c9427bc6367b
NeoBundleLock restore_view.vim 8b933436e3ab8dec120841027183f0d72a4e2096
NeoBundleLock splitjoin.vim 899645a73b349d250515c75bc9c01861192dae2a
NeoBundleLock syntastic 189be0ae74372c13d5a87c72753a86e796812b58
NeoBundleLock tabular 60f25648814f0695eeb6c1040d97adca93c4e0bb
NeoBundleLock tagbar 7b36c46d17d57db34fdb0adac9ba6382d0bb5e66
NeoBundleLock targets.vim d11192893b178bd298b66c5b56a13b4d0bfa4c8b
NeoBundleLock ultisnips dbd43ad27cbfed14c9dc3de6d5acb5f4edb8f649
NeoBundleLock undotree 39e5cf0fc241c64e920f91d52299b444475d54df
NeoBundleLock unite-outline 766d921e859eb54a7ac7c45c4052df7121ea6347
NeoBundleLock unite.vim c55717e0b1be4edc35256815a898b7e1ecc32b96
NeoBundleLock utl.vim 67a6506a7a8a3847d00d3af3e2ed9707460d5ce5
NeoBundleLock vim-abolish e6a170cda8ee542ec5f1384c9643d4330ee6b181
NeoBundleLock vim-airline 4fa37e5e20b5ae9b60adfbf9b25f0afad285afa6
NeoBundleLock vim-airline-themes 13bad30d4ee3892cae755c83433ee85fbc96d028
NeoBundleLock vim-bufferline 57f0e8afff4af59fbfaf557ca6b584209cbedda3
NeoBundleLock vim-diff-enhanced dd6ad80f9e3e8a24b1f31b1a25f8db39069db330
NeoBundleLock vim-easymotion 39abbf30a7bfc16de139b52ce0d7d2a286da52a8
NeoBundleLock vim-fugitive 18d6d1ab82d9ac15586d7d3c1a36f9ef6fb50eae
NeoBundleLock vim-gitgutter f52f875fc7b25b601366bd6c0d67c53ad84f9559
NeoBundleLock vim-hybrid 117b651d43108e6c5cde9a95036c8b1a8aabb9f7
NeoBundleLock vim-indent-guides 49bde6fa30648345ffabfe55b3a095a293568a2e
NeoBundleLock vim-matchit ceaf496a3763f3c20bc7f50c2135df4f1775ae05
NeoBundleLock vim-multiple-cursors 0dfd3f91b0ea1c70be8873d0a9e5c7d00369610f
NeoBundleLock vim-nerdtree-tabs 0decec122e9bb3e9328b01fa20a9650e79cc6ca7
NeoBundleLock vim-pasta 45900f1ca09cf588856ea375b95cb0618f58ee27
NeoBundleLock vim-repeat 7a6675f092842c8f81e71d5345bd7cdbf3759415
NeoBundleLock vim-snippets e34f2a6151c03565459ef3092b345ac3143be8f3
NeoBundleLock vim-speeddating 426c792e479f6e1650a6996c683943a09344c21e
NeoBundleLock vim-startify e3fb0cd845f9726d30d92ac6293a84bece687c64
NeoBundleLock vim-surround 2d05440ad23f97a7874ebd9b5de3a0e65d25d85c
NeoBundleLock vim-tmuxify 1146dd67a5d565f0e620a74614dae87a091b0491
NeoBundleLock vim-unimpaired 11dc568dbfd7a56866a4354c737515769f08e9fe
NeoBundleLock vimproc aa075b9b56839e1adb08421d2e9837f90e59acad
NeoBundleLock vimshell.vim a5b3d99ba84e76cf94195c37ab762aef5f7b6e25
